
Microsoft Visual Studio Solution File, Format Version 12.00
# Visual Studio Version 17
VisualStudioVersion = 17.2.32616.157
MinimumVisualStudioVersion = 10.0.40219.1
Project("{9A19103F-16F7-4668-BE54-9A1E7A4F7556}") = "Урок 1", "Урок 1.csproj", "{12934BD3-8633-4590-845C-E709A904FA95}"
EndProject
Project("{9A19103F-16F7-4668-BE54-9A1E7A4F7556}") = "Урок 2", "..\Урок 2\Урок 2.csproj", "{A2C49D22-F814-4BD1-94F4-26D3EDF42E80}"
EndProject
Project("{9A19103F-16F7-4668-BE54-9A1E7A4F7556}") = "Урок 3", "..\Урок 3\Урок 3.csproj", "{C67FD303-A811-4D62-8899-92F675E38516}"
EndProject
Project("{FAE04EC0-301F-11D3-BF4B-00C04F79EFBC}") = "Урок 2.1", "..\Урок 2.1\Урок 2.1.csproj", "{A754CDB7-5BFF-4CB1-932E-2D9BE2293825}"
EndProject
Project("{FAE04EC0-301F-11D3-BF4B-00C04F79EFBC}") = "Урок 4", "..\Урок 4\Урок 4.csproj", "{FA93DFFD-8928-497D-AC71-AB73F00E5F6D}"
EndProject
Project("{FAE04EC0-301F-11D3-BF4B-00C04F79EFBC}") = "Песочница", "..\Песочница\Песочница.csproj", "{306E9BC9-D685-48E8-8463-AF0C976D49D5}"
EndProject
Project("{FAE04EC0-301F-11D3-BF4B-00C04F79EFBC}") = "Урок 5", "..\Урок 5\Урок 5.csproj", "{D7A9FF52-0E02-4299-9F98-EE5906F00CB7}"
EndProject
Project("{FAE04EC0-301F-11D3-BF4B-00C04F79EFBC}") = "Урок 6", "..\Урок 6\Урок 6.csproj", "{7E3CCF77-4CBA-4F0C-ACEA-77F1D11DE022}"
EndProject
Global
	GlobalSection(SolutionConfigurationPlatforms) = preSolution
		Debug|Any CPU = Debug|Any CPU
		Release|Any CPU = Release|Any CPU
	EndGlobalSection
	GlobalSection(ProjectConfigurationPlatforms) = postSolution
		{12934BD3-8633-4590-845C-E709A904FA95}.Debug|Any CPU.ActiveCfg = Debug|Any CPU
		{12934BD3-8633-4590-845C-E709A904FA95}.Debug|Any CPU.Build.0 = Debug|Any CPU
		{12934BD3-8633-4590-845C-E709A904FA95}.Release|Any CPU.ActiveCfg = Release|Any CPU
		{12934BD3-8633-4590-845C-E709A904FA95}.Release|Any CPU.Build.0 = Release|Any CPU
		{A2C49D22-F814-4BD1-94F4-26D3EDF42E80}.Debug|Any CPU.ActiveCfg = Debug|Any CPU
		{A2C49D22-F814-4BD1-94F4-26D3EDF42E80}.Debug|Any CPU.Build.0 = Debug|Any CPU
		{A2C49D22-F814-4BD1-94F4-26D3EDF42E80}.Release|Any CPU.ActiveCfg = Release|Any CPU
		{A2C49D22-F814-4BD1-94F4-26D3EDF42E80}.Release|Any CPU.Build.0 = Release|Any CPU
		{C67FD303-A811-4D62-8899-92F675E38516}.Debug|Any CPU.ActiveCfg = Debug|Any CPU
		{C67FD303-A811-4D62-8899-92F675E38516}.Debug|Any CPU.Build.0 = Debug|Any CPU
		{C67FD303-A811-4D62-8899-92F675E38516}.Release|Any CPU.ActiveCfg = Release|Any CPU
		{C67FD303-A811-4D62-8899-92F675E38516}.Release|Any CPU.Build.0 = Release|Any CPU
		{A754CDB7-5BFF-4CB1-932E-2D9BE2293825}.Debug|Any CPU.ActiveCfg = Debug|Any CPU
		{A754CDB7-5BFF-4CB1-932E-2D9BE2293825}.Debug|Any CPU.Build.0 = Debug|Any CPU
		{A754CDB7-5BFF-4CB1-932E-2D9BE2293825}.Release|Any CPU.ActiveCfg = Release|Any CPU
		{A754CDB7-5BFF-4CB1-932E-2D9BE2293825}.Release|Any CPU.Build.0 = Release|Any CPU
		{FA93DFFD-8928-497D-AC71-AB73F00E5F6D}.Debug|Any CPU.ActiveCfg = Debug|Any CPU
		{FA93DFFD-8928-497D-AC71-AB73F00E5F6D}.Debug|Any CPU.Build.0 = Debug|Any CPU
		{FA93DFFD-8928-497D-AC71-AB73F00E5F6D}.Release|Any CPU.ActiveCfg = Release|Any CPU
		{FA93DFFD-8928-497D-AC71-AB73F00E5F6D}.Release|Any CPU.Build.0 = Release|Any CPU
		{306E9BC9-D685-48E8-8463-AF0C976D49D5}.Debug|Any CPU.ActiveCfg = Debug|Any CPU
		{306E9BC9-D685-48E8-8463-AF0C976D49D5}.Debug|Any CPU.Build.0 = Debug|Any CPU
		{306E9BC9-D685-48E8-8463-AF0C976D49D5}.Release|Any CPU.ActiveCfg = Release|Any CPU
		{306E9BC9-D685-48E8-8463-AF0C976D49D5}.Release|Any CPU.Build.0 = Release|Any CPU
		{D7A9FF52-0E02-4299-9F98-EE5906F00CB7}.Debug|Any CPU.ActiveCfg = Debug|Any CPU
		{D7A9FF52-0E02-4299-9F98-EE5906F00CB7}.Debug|Any CPU.Build.0 = Debug|Any CPU
		{D7A9FF52-0E02-4299-9F98-EE5906F00CB7}.Release|Any CPU.ActiveCfg = Release|Any CPU
		{D7A9FF52-0E02-4299-9F98-EE5906F00CB7}.Release|Any CPU.Build.0 = Release|Any CPU
		{7E3CCF77-4CBA-4F0C-ACEA-77F1D11DE022}.Debug|Any CPU.ActiveCfg = Debug|Any CPU
		{7E3CCF77-4CBA-4F0C-ACEA-77F1D11DE022}.Debug|Any CPU.Build.0 = Debug|Any CPU
		{7E3CCF77-4CBA-4F0C-ACEA-77F1D11DE022}.Release|Any CPU.ActiveCfg = Release|Any CPU
		{7E3CCF77-4CBA-4F0C-ACEA-77F1D11DE022}.Release|Any CPU.Build.0 = Release|Any CPU
	EndGlobalSection
	GlobalSection(SolutionProperties) = preSolution
		HideSolutionNode = FALSE
	EndGlobalSection
	GlobalSection(ExtensibilityGlobals) = postSolution
		SolutionGuid = {91B601BB-C555-4BDD-91E9-73E522786FF1}
	EndGlobalSection
EndGlobal
